// !$*UTF8*$!
{
	archiveVersion = 1;
	classes = {
	};
	objectVersion = 56;
	objects = {

/* Begin PBXBuildFile section */
		AF20E0082B8ED1A800D1CB71 /* AppDelegate.swift in Sources */ = {isa = PBXBuildFile; fileRef = AF20E0072B8ED1A800D1CB71 /* AppDelegate.swift */; };
		AF20E00A2B8ED1A800D1CB71 /* SceneDelegate.swift in Sources */ = {isa = PBXBuildFile; fileRef = AF20E0092B8ED1A800D1CB71 /* SceneDelegate.swift */; };
		AF20E00C2B8ED1A800D1CB71 /* ViewController.swift in Sources */ = {isa = PBXBuildFile; fileRef = AF20E00B2B8ED1A800D1CB71 /* ViewController.swift */; };
		AF20E00F2B8ED1A800D1CB71 /* Main.storyboard in Resources */ = {isa = PBXBuildFile; fileRef = AF20E00D2B8ED1A800D1CB71 /* Main.storyboard */; };
		AF20E0112B8ED1AA00D1CB71 /* Assets.xcassets in Resources */ = {isa = PBXBuildFile; fileRef = AF20E0102B8ED1AA00D1CB71 /* Assets.xcassets */; };
		AF20E0142B8ED1AA00D1CB71 /* LaunchScreen.storyboard in Resources */ = {isa = PBXBuildFile; fileRef = AF20E0122B8ED1AA00D1CB71 /* LaunchScreen.storyboard */; };
		AF20E0342B8ED34900D1CB71 /* spain@2x.png in Resources */ = {isa = PBXBuildFile; fileRef = AF20E01C2B8ED34900D1CB71 /* spain@2x.png */; };
		AF20E0352B8ED34900D1CB71 /* nigeria@2x.png in Resources */ = {isa = PBXBuildFile; fileRef = AF20E01D2B8ED34900D1CB71 /* nigeria@2x.png */; };
		AF20E0362B8ED34900D1CB71 /* nigeria@3x.png in Resources */ = {isa = PBXBuildFile; fileRef = AF20E01E2B8ED34900D1CB71 /* nigeria@3x.png */; };
		AF20E0372B8ED34900D1CB71 /* spain@3x.png in Resources */ = {isa = PBXBuildFile; fileRef = AF20E01F2B8ED34900D1CB71 /* spain@3x.png */; };
		AF20E0382B8ED34900D1CB71 /* italy@3x.png in Resources */ = {isa = PBXBuildFile; fileRef = AF20E0202B8ED34900D1CB71 /* italy@3x.png */; };
		AF20E0392B8ED34900D1CB71 /* ireland@2x.png in Resources */ = {isa = PBXBuildFile; fileRef = AF20E0212B8ED34900D1CB71 /* ireland@2x.png */; };
		AF20E03A2B8ED34900D1CB71 /* germany@3x.png in Resources */ = {isa = PBXBuildFile; fileRef = AF20E0222B8ED34900D1CB71 /* germany@3x.png */; };
		AF20E03B2B8ED34900D1CB71 /* germany@2x.png in Resources */ = {isa = PBXBuildFile; fileRef = AF20E0232B8ED34900D1CB71 /* germany@2x.png */; };
		AF20E03C2B8ED34900D1CB71 /* ireland@3x.png in Resources */ = {isa = PBXBuildFile; fileRef = AF20E0242B8ED34900D1CB71 /* ireland@3x.png */; };
		AF20E03D2B8ED34900D1CB71 /* italy@2x.png in Resources */ = {isa = PBXBuildFile; fileRef = AF20E0252B8ED34900D1CB71 /* italy@2x.png */; };
		AF20E03E2B8ED34900D1CB71 /* poland@2x.png in Resources */ = {isa = PBXBuildFile; fileRef = AF20E0262B8ED34900D1CB71 /* poland@2x.png */; };
		AF20E03F2B8ED34900D1CB71 /* russia@2x.png in Resources */ = {isa = PBXBuildFile; fileRef = AF20E0272B8ED34900D1CB71 /* russia@2x.png */; };
		AF20E0402B8ED34900D1CB71 /* estonia@2x.png in Resources */ = {isa = PBXBuildFile; fileRef = AF20E0282B8ED34900D1CB71 /* estonia@2x.png */; };
		AF20E0412B8ED34900D1CB71 /* estonia@3x.png in Resources */ = {isa = PBXBuildFile; fileRef = AF20E0292B8ED34900D1CB71 /* estonia@3x.png */; };
		AF20E0422B8ED34900D1CB71 /* russia@3x.png in Resources */ = {isa = PBXBuildFile; fileRef = AF20E02A2B8ED34900D1CB71 /* russia@3x.png */; };
		AF20E0432B8ED34900D1CB71 /* poland@3x.png in Resources */ = {isa = PBXBuildFile; fileRef = AF20E02B2B8ED34900D1CB71 /* poland@3x.png */; };
		AF20E0442B8ED34900D1CB71 /* uk@3x.png in Resources */ = {isa = PBXBuildFile; fileRef = AF20E02C2B8ED34900D1CB71 /* uk@3x.png */; };
		AF20E0452B8ED34900D1CB71 /* us@3x.png in Resources */ = {isa = PBXBuildFile; fileRef = AF20E02D2B8ED34900D1CB71 /* us@3x.png */; };
		AF20E0462B8ED34900D1CB71 /* france@3x.png in Resources */ = {isa = PBXBuildFile; fileRef = AF20E02E2B8ED34900D1CB71 /* france@3x.png */; };
		AF20E0472B8ED34900D1CB71 /* monaco@2x.png in Resources */ = {isa = PBXBuildFile; fileRef = AF20E02F2B8ED34900D1CB71 /* monaco@2x.png */; };
		AF20E0482B8ED34900D1CB71 /* monaco@3x.png in Resources */ = {isa = PBXBuildFile; fileRef = AF20E0302B8ED34900D1CB71 /* monaco@3x.png */; };
		AF20E0492B8ED34900D1CB71 /* france@2x.png in Resources */ = {isa = PBXBuildFile; fileRef = AF20E0312B8ED34900D1CB71 /* france@2x.png */; };
		AF20E04A2B8ED34900D1CB71 /* us@2x.png in Resources */ = {isa = PBXBuildFile; fileRef = AF20E0322B8ED34900D1CB71 /* us@2x.png */; };
		AF20E04B2B8ED34900D1CB71 /* uk@2x.png in Resources */ = {isa = PBXBuildFile; fileRef = AF20E0332B8ED34900D1CB71 /* uk@2x.png */; };
		AF20E04D2B8EDDD200D1CB71 /* DetailViewController.swift in Sources */ = {isa = PBXBuildFile; fileRef = AF20E04C2B8EDDD200D1CB71 /* DetailViewController.swift */; };
/* End PBXBuildFile section */

/* Begin PBXFileReference section */
		AF20E0042B8ED1A800D1CB71 /* Day23ChallengeUIKit.app */ = {isa = PBXFileReference; explicitFileType = wrapper.application; includeInIndex = 0; path = Day23ChallengeUIKit.app; sourceTree = BUILT_PRODUCTS_DIR; };
		AF20E0072B8ED1A800D1CB71 /* AppDelegate.swift */ = {isa = PBXFileReference; lastKnownFileType = sourcecode.swift; path = AppDelegate.swift; sourceTree = "<group>"; };
		AF20E0092B8ED1A800D1CB71 /* SceneDelegate.swift */ = {isa = PBXFileReference; lastKnownFileType = sourcecode.swift; path = SceneDelegate.swift; sourceTree = "<group>"; };
		AF20E00B2B8ED1A800D1CB71 /* ViewController.swift */ = {isa = PBXFileReference; lastKnownFileType = sourcecode.swift; path = ViewController.swift; sourceTree = "<group>"; };
		AF20E00E2B8ED1A800D1CB71 /* Base */ = {isa = PBXFileReference; lastKnownFileType = file.storyboard; name = Base; path = Base.lproj/Main.storyboard; sourceTree = "<group>"; };
		AF20E0102B8ED1AA00D1CB71 /* Assets.xcassets */ = {isa = PBXFileReference; lastKnownFileType = folder.assetcatalog; path = Assets.xcassets; sourceTree = "<group>"; };
		AF20E0132B8ED1AA00D1CB71 /* Base */ = {isa = PBXFileReference; lastKnownFileType = file.storyboard; name = Base; path = Base.lproj/LaunchScreen.storyboard; sourceTree = "<group>"; };
		AF20E0152B8ED1AA00D1CB71 /* Info.plist */ = {isa = PBXFileReference; lastKnownFileType = text.plist.xml; path = Info.plist; sourceTree = "<group>"; };
		AF20E01C2B8ED34900D1CB71 /* spain@2x.png */ = {isa = PBXFileReference; lastKnownFileType = image.png; path = "spain@2x.png"; sourceTree = "<group>"; };
		AF20E01D2B8ED34900D1CB71 /* nigeria@2x.png */ = {isa = PBXFileReference; lastKnownFileType = image.png; path = "nigeria@2x.png"; sourceTree = "<group>"; };
		AF20E01E2B8ED34900D1CB71 /* nigeria@3x.png */ = {isa = PBXFileReference; lastKnownFileType = image.png; path = "nigeria@3x.png"; sourceTree = "<group>"; };
		AF20E01F2B8ED34900D1CB71 /* spain@3x.png */ = {isa = PBXFileReference; lastKnownFileType = image.png; path = "spain@3x.png"; sourceTree = "<group>"; };
		AF20E0202B8ED34900D1CB71 /* italy@3x.png */ = {isa = PBXFileReference; lastKnownFileType = image.png; path = "italy@3x.png"; sourceTree = "<group>"; };
		AF20E0212B8ED34900D1CB71 /* ireland@2x.png */ = {isa = PBXFileReference; lastKnownFileType = image.png; path = "ireland@2x.png"; sourceTree = "<group>"; };
		AF20E0222B8ED34900D1CB71 /* germany@3x.png */ = {isa = PBXFileReference; lastKnownFileType = image.png; path = "germany@3x.png"; sourceTree = "<group>"; };
		AF20E0232B8ED34900D1CB71 /* germany@2x.png */ = {isa = PBXFileReference; lastKnownFileType = image.png; path = "germany@2x.png"; sourceTree = "<group>"; };
		AF20E0242B8ED34900D1CB71 /* ireland@3x.png */ = {isa = PBXFileReference; lastKnownFileType = image.png; path = "ireland@3x.png"; sourceTree = "<group>"; };
		AF20E0252B8ED34900D1CB71 /* italy@2x.png */ = {isa = PBXFileReference; lastKnownFileType = image.png; path = "italy@2x.png"; sourceTree = "<group>"; };
		AF20E0262B8ED34900D1CB71 /* poland@2x.png */ = {isa = PBXFileReference; lastKnownFileType = image.png; path = "poland@2x.png"; sourceTree = "<group>"; };
		AF20E0272B8ED34900D1CB71 /* russia@2x.png */ = {isa = PBXFileReference; lastKnownFileType = image.png; path = "russia@2x.png"; sourceTree = "<group>"; };
		AF20E0282B8ED34900D1CB71 /* estonia@2x.png */ = {isa = PBXFileReference; lastKnownFileType = image.png; path = "estonia@2x.png"; sourceTree = "<group>"; };
		AF20E0292B8ED34900D1CB71 /* estonia@3x.png */ = {isa = PBXFileReference; lastKnownFileType = image.png; path = "estonia@3x.png"; sourceTree = "<group>"; };
		AF20E02A2B8ED34900D1CB71 /* russia@3x.png */ = {isa = PBXFileReference; lastKnownFileType = image.png; path = "russia@3x.png"; sourceTree = "<group>"; };
		AF20E02B2B8ED34900D1CB71 /* poland@3x.png */ = {isa = PBXFileReference; lastKnownFileType = image.png; path = "poland@3x.png"; sourceTree = "<group>"; };
		AF20E02C2B8ED34900D1CB71 /* uk@3x.png */ = {isa = PBXFileReference; lastKnownFileType = image.png; path = "uk@3x.png"; sourceTree = "<group>"; };
		AF20E02D2B8ED34900D1CB71 /* us@3x.png */ = {isa = PBXFileReference; lastKnownFileType = image.png; path = "us@3x.png"; sourceTree = "<group>"; };
		AF20E02E2B8ED34900D1CB71 /* france@3x.png */ = {isa = PBXFileReference; lastKnownFileType = image.png; path = "france@3x.png"; sourceTree = "<group>"; };
		AF20E02F2B8ED34900D1CB71 /* monaco@2x.png */ = {isa = PBXFileReference; lastKnownFileType = image.png; path = "monaco@2x.png"; sourceTree = "<group>"; };
		AF20E0302B8ED34900D1CB71 /* monaco@3x.png */ = {isa = PBXFileReference; lastKnownFileType = image.png; path = "monaco@3x.png"; sourceTree = "<group>"; };
		AF20E0312B8ED34900D1CB71 /* france@2x.png */ = {isa = PBXFileReference; lastKnownFileType = image.png; path = "france@2x.png"; sourceTree = "<group>"; };
		AF20E0322B8ED34900D1CB71 /* us@2x.png */ = {isa = PBXFileReference; lastKnownFileType = image.png; path = "us@2x.png"; sourceTree = "<group>"; };
		AF20E0332B8ED34900D1CB71 /* uk@2x.png */ = {isa = PBXFileReference; lastKnownFileType = image.png; path = "uk@2x.png"; sourceTree = "<group>"; };
		AF20E04C2B8EDDD200D1CB71 /* DetailViewController.swift */ = {isa = PBXFileReference; lastKnownFileType = sourcecode.swift; path = DetailViewController.swift; sourceTree = "<group>"; };
/* End PBXFileReference section */

/* Begin PBXFrameworksBuildPhase section */
		AF20E0012B8ED1A800D1CB71 /* Frameworks */ = {
			isa = PBXFrameworksBuildPhase;
			buildActionMask = 2147483647;
			files = (
			);
			runOnlyForDeploymentPostprocessing = 0;
		};
/* End PBXFrameworksBuildPhase section */

/* Begin PBXGroup section */
		AF20DFFB2B8ED1A800D1CB71 = {
			isa = PBXGroup;
			children = (
				AF20E0062B8ED1A800D1CB71 /* Day23ChallengeUIKit */,
				AF20E0052B8ED1A800D1CB71 /* Products */,
			);
			sourceTree = "<group>";
		};
		AF20E0052B8ED1A800D1CB71 /* Products */ = {
			isa = PBXGroup;
			children = (
				AF20E0042B8ED1A800D1CB71 /* Day23ChallengeUIKit.app */,
			);
			name = Products;
			sourceTree = "<group>";
		};
		AF20E0062B8ED1A800D1CB71 /* Day23ChallengeUIKit */ = {
			isa = PBXGroup;
			children = (
				AF20E0072B8ED1A800D1CB71 /* AppDelegate.swift */,
				AF20E0092B8ED1A800D1CB71 /* SceneDelegate.swift */,
				AF20E00B2B8ED1A800D1CB71 /* ViewController.swift */,
				AF20E04C2B8EDDD200D1CB71 /* DetailViewController.swift */,
				AF20E00D2B8ED1A800D1CB71 /* Main.storyboard */,
				AF20E0102B8ED1AA00D1CB71 /* Assets.xcassets */,
				AF20E0122B8ED1AA00D1CB71 /* LaunchScreen.storyboard */,
				AF20E0152B8ED1AA00D1CB71 /* Info.plist */,
				AF20E01B2B8ED34900D1CB71 /* project2-files */,
			);
			path = Day23ChallengeUIKit;
			sourceTree = "<group>";
		};
		AF20E01B2B8ED34900D1CB71 /* project2-files */ = {
			isa = PBXGroup;
			children = (
				AF20E01C2B8ED34900D1CB71 /* spain@2x.png */,
				AF20E01D2B8ED34900D1CB71 /* nigeria@2x.png */,
				AF20E01E2B8ED34900D1CB71 /* nigeria@3x.png */,
				AF20E01F2B8ED34900D1CB71 /* spain@3x.png */,
				AF20E0202B8ED34900D1CB71 /* italy@3x.png */,
				AF20E0212B8ED34900D1CB71 /* ireland@2x.png */,
				AF20E0222B8ED34900D1CB71 /* germany@3x.png */,
				AF20E0232B8ED34900D1CB71 /* germany@2x.png */,
				AF20E0242B8ED34900D1CB71 /* ireland@3x.png */,
				AF20E0252B8ED34900D1CB71 /* italy@2x.png */,
				AF20E0262B8ED34900D1CB71 /* poland@2x.png */,
				AF20E0272B8ED34900D1CB71 /* russia@2x.png */,
				AF20E0282B8ED34900D1CB71 /* estonia@2x.png */,
				AF20E0292B8ED34900D1CB71 /* estonia@3x.png */,
				AF20E02A2B8ED34900D1CB71 /* russia@3x.png */,
				AF20E02B2B8ED34900D1CB71 /* poland@3x.png */,
				AF20E02C2B8ED34900D1CB71 /* uk@3x.png */,
				AF20E02D2B8ED34900D1CB71 /* us@3x.png */,
				AF20E02E2B8ED34900D1CB71 /* france@3x.png */,
				AF20E02F2B8ED34900D1CB71 /* monaco@2x.png */,
				AF20E0302B8ED34900D1CB71 /* monaco@3x.png */,
				AF20E0312B8ED34900D1CB71 /* france@2x.png */,
				AF20E0322B8ED34900D1CB71 /* us@2x.png */,
				AF20E0332B8ED34900D1CB71 /* uk@2x.png */,
			);
			path = "project2-files";
			sourceTree = "<group>";
		};
/* End PBXGroup section */

/* Begin PBXNativeTarget section */
		AF20E0032B8ED1A800D1CB71 /* Day23ChallengeUIKit */ = {
			isa = PBXNativeTarget;
			buildConfigurationList = AF20E0182B8ED1AA00D1CB71 /* Build configuration list for PBXNativeTarget "Day23ChallengeUIKit" */;
			buildPhases = (
				AF20E0002B8ED1A800D1CB71 /* Sources */,
				AF20E0012B8ED1A800D1CB71 /* Frameworks */,
				AF20E0022B8ED1A800D1CB71 /* Resources */,
			);
			buildRules = (
			);
			dependencies = (
			);
			name = Day23ChallengeUIKit;
			productName = Day23ChallengeUIKit;
			productReference = AF20E0042B8ED1A800D1CB71 /* Day23ChallengeUIKit.app */;
			productType = "com.apple.product-type.application";
		};
/* End PBXNativeTarget section */

/* Begin PBXProject section */
		AF20DFFC2B8ED1A800D1CB71 /* Project object */ = {
			isa = PBXProject;
			attributes = {
				BuildIndependentTargetsInParallel = 1;
				LastSwiftUpdateCheck = 1520;
				LastUpgradeCheck = 1520;
				TargetAttributes = {
					AF20E0032B8ED1A800D1CB71 = {
						CreatedOnToolsVersion = 15.2;
					};
				};
			};
			buildConfigurationList = AF20DFFF2B8ED1A800D1CB71 /* Build configuration list for PBXProject "Day23ChallengeUIKit" */;
			compatibilityVersion = "Xcode 14.0";
			developmentRegion = en;
			hasScannedForEncodings = 0;
			knownRegions = (
				en,
				Base,
			);
			mainGroup = AF20DFFB2B8ED1A800D1CB71;
			productRefGroup = AF20E0052B8ED1A800D1CB71 /* Products */;
			projectDirPath = "";
			projectRoot = "";
			targets = (
				AF20E0032B8ED1A800D1CB71 /* Day23ChallengeUIKit */,
			);
		};
/* End PBXProject section */

/* Begin PBXResourcesBuildPhase section */
		AF20E0022B8ED1A800D1CB71 /* Resources */ = {
			isa = PBXResourcesBuildPhase;
			buildActionMask = 2147483647;
			files = (
				AF20E0482B8ED34900D1CB71 /* monaco@3x.png in Resources */,
				AF20E0352B8ED34900D1CB71 /* nigeria@2x.png in Resources */,
				AF20E04A2B8ED34900D1CB71 /* us@2x.png in Resources */,
				AF20E0362B8ED34900D1CB71 /* nigeria@3x.png in Resources */,
				AF20E0432B8ED34900D1CB71 /* poland@3x.png in Resources */,
				AF20E0442B8ED34900D1CB71 /* uk@3x.png in Resources */,
				AF20E0492B8ED34900D1CB71 /* france@2x.png in Resources */,
				AF20E03D2B8ED34900D1CB71 /* italy@2x.png in Resources */,
				AF20E0342B8ED34900D1CB71 /* spain@2x.png in Resources */,
				AF20E03A2B8ED34900D1CB71 /* germany@3x.png in Resources */,
				AF20E0142B8ED1AA00D1CB71 /* LaunchScreen.storyboard in Resources */,
				AF20E03E2B8ED34900D1CB71 /* poland@2x.png in Resources */,
				AF20E0112B8ED1AA00D1CB71 /* Assets.xcassets in Resources */,
				AF20E0382B8ED34900D1CB71 /* italy@3x.png in Resources */,
				AF20E0412B8ED34900D1CB71 /* estonia@3x.png in Resources */,
				AF20E0472B8ED34900D1CB71 /* monaco@2x.png in Resources */,
				AF20E00F2B8ED1A800D1CB71 /* Main.storyboard in Resources */,
				AF20E0392B8ED34900D1CB71 /* ireland@2x.png in Resources */,
				AF20E03B2B8ED34900D1CB71 /* germany@2x.png in Resources */,
				AF20E0452B8ED34900D1CB71 /* us@3x.png in Resources */,
				AF20E0372B8ED34900D1CB71 /* spain@3x.png in Resources */,
				AF20E03F2B8ED34900D1CB71 /* russia@2x.png in Resources */,
				AF20E0402B8ED34900D1CB71 /* estonia@2x.png in Resources */,
				AF20E0422B8ED34900D1CB71 /* russia@3x.png in Resources */,
				AF20E04B2B8ED34900D1CB71 /* uk@2x.png in Resources */,
				AF20E0462B8ED34900D1CB71 /* france@3x.png in Resources */,
				AF20E03C2B8ED34900D1CB71 /* ireland@3x.png in Resources */,
			);
			runOnlyForDeploymentPostprocessing = 0;
		};
/* End PBXResourcesBuildPhase section */

/* Begin PBXSourcesBuildPhase section */
		AF20E0002B8ED1A800D1CB71 /* Sources */ = {
			isa = PBXSourcesBuildPhase;
			buildActionMask = 2147483647;
			files = (
				AF20E00C2B8ED1A800D1CB71 /* ViewController.swift in Sources */,
				AF20E0082B8ED1A800D1CB71 /* AppDelegate.swift in Sources */,
				AF20E00A2B8ED1A800D1CB71 /* SceneDelegate.swift in Sources */,
				AF20E04D2B8EDDD200D1CB71 /* DetailViewController.swift in Sources */,
			);
			runOnlyForDeploymentPostprocessing = 0;
		};
/* End PBXSourcesBuildPhase section */

/* Begin PBXVariantGroup section */
		AF20E00D2B8ED1A800D1CB71 /* Main.storyboard */ = {
			isa = PBXVariantGroup;
			children = (
				AF20E00E2B8ED1A800D1CB71 /* Base */,
			);
			name = Main.storyboard;
			sourceTree = "<group>";
		};
		AF20E0122B8ED1AA00D1CB71 /* LaunchScreen.storyboard */ = {
			isa = PBXVariantGroup;
			children = (
				AF20E0132B8ED1AA00D1CB71 /* Base */,
			);
			name = LaunchScreen.storyboard;
			sourceTree = "<group>";
		};
/* End PBXVariantGroup section */

/* Begin XCBuildConfiguration section */
		AF20E0162B8ED1AA00D1CB71 /* Debug */ = {
			isa = XCBuildConfiguration;
			buildSettings = {
				ALWAYS_SEARCH_USER_PATHS = NO;
				ASSETCATALOG_COMPILER_GENERATE_SWIFT_ASSET_SYMBOL_EXTENSIONS = YES;
				CLANG_ANALYZER_NONNULL = YES;
				CLANG_ANALYZER_NUMBER_OBJECT_CONVERSION = YES_AGGRESSIVE;
				CLANG_CXX_LANGUAGE_STANDARD = "gnu++20";
				CLANG_ENABLE_MODULES = YES;
				CLANG_ENABLE_OBJC_ARC = YES;
				CLANG_ENABLE_OBJC_WEAK = YES;
				CLANG_WARN_BLOCK_CAPTURE_AUTORELEASING = YES;
				CLANG_WARN_BOOL_CONVERSION = YES;
				CLANG_WARN_COMMA = YES;
				CLANG_WARN_CONSTANT_CONVERSION = YES;
				CLANG_WARN_DEPRECATED_OBJC_IMPLEMENTATIONS = YES;
				CLANG_WARN_DIRECT_OBJC_ISA_USAGE = YES_ERROR;
				CLANG_WARN_DOCUMENTATION_COMMENTS = YES;
				CLANG_WARN_EMPTY_BODY = YES;
				CLANG_WARN_ENUM_CONVERSION = YES;
				CLANG_WARN_INFINITE_RECURSION = YES;
				CLANG_WARN_INT_CONVERSION = YES;
				CLANG_WARN_NON_LITERAL_NULL_CONVERSION = YES;
				CLANG_WARN_OBJC_IMPLICIT_RETAIN_SELF = YES;
				CLANG_WARN_OBJC_LITERAL_CONVERSION = YES;
				CLANG_WARN_OBJC_ROOT_CLASS = YES_ERROR;
				CLANG_WARN_QUOTED_INCLUDE_IN_FRAMEWORK_HEADER = YES;
				CLANG_WARN_RANGE_LOOP_ANALYSIS = YES;
				CLANG_WARN_STRICT_PROTOTYPES = YES;
				CLANG_WARN_SUSPICIOUS_MOVE = YES;
				CLANG_WARN_UNGUARDED_AVAILABILITY = YES_AGGRESSIVE;
				CLANG_WARN_UNREACHABLE_CODE = YES;
				CLANG_WARN__DUPLICATE_METHOD_MATCH = YES;
				COPY_PHASE_STRIP = NO;
				DEBUG_INFORMATION_FORMAT = dwarf;
				ENABLE_STRICT_OBJC_MSGSEND = YES;
				ENABLE_TESTABILITY = YES;
				ENABLE_USER_SCRIPT_SANDBOXING = YES;
				GCC_C_LANGUAGE_STANDARD = gnu17;
				GCC_DYNAMIC_NO_PIC = NO;
				GCC_NO_COMMON_BLOCKS = YES;
				GCC_OPTIMIZATION_LEVEL = 0;
				GCC_PREPROCESSOR_DEFINITIONS = (
					"DEBUG=1",
					"$(inherited)",
				);
				GCC_WARN_64_TO_32_BIT_CONVERSION = YES;
				GCC_WARN_ABOUT_RETURN_TYPE = YES_ERROR;
				GCC_WARN_UNDECLARED_SELECTOR = YES;
				GCC_WARN_UNINITIALIZED_AUTOS = YES_AGGRESSIVE;
				GCC_WARN_UNUSED_FUNCTION = YES;
				GCC_WARN_UNUSED_VARIABLE = YES;
				IPHONEOS_DEPLOYMENT_TARGET = 17.2;
				LOCALIZATION_PREFERS_STRING_CATALOGS = YES;
				MTL_ENABLE_DEBUG_INFO = INCLUDE_SOURCE;
				MTL_FAST_MATH = YES;
				ONLY_ACTIVE_ARCH = YES;
				SDKROOT = iphoneos;
				SWIFT_ACTIVE_COMPILATION_CONDITIONS = "DEBUG $(inherited)";
				SWIFT_OPTIMIZATION_LEVEL = "-Onone";
			};
			name = Debug;
		};
		AF20E0172B8ED1AA00D1CB71 /* Release */ = {
			isa = XCBuildConfiguration;
			buildSettings = {
				ALWAYS_SEARCH_USER_PATHS = NO;
				ASSETCATALOG_COMPILER_GENERATE_SWIFT_ASSET_SYMBOL_EXTENSIONS = YES;
				CLANG_ANALYZER_NONNULL = YES;
				CLANG_ANALYZER_NUMBER_OBJECT_CONVERSION = YES_AGGRESSIVE;
				CLANG_CXX_LANGUAGE_STANDARD = "gnu++20";
				CLANG_ENABLE_MODULES = YES;
				CLANG_ENABLE_OBJC_ARC = YES;
				CLANG_ENABLE_OBJC_WEAK = YES;
				CLANG_WARN_BLOCK_CAPTURE_AUTORELEASING = YES;
				CLANG_WARN_BOOL_CONVERSION = YES;
				CLANG_WARN_COMMA = YES;
				CLANG_WARN_CONSTANT_CONVERSION = YES;
				CLANG_WARN_DEPRECATED_OBJC_IMPLEMENTATIONS = YES;
				CLANG_WARN_DIRECT_OBJC_ISA_USAGE = YES_ERROR;
				CLANG_WARN_DOCUMENTATION_COMMENTS = YES;
				CLANG_WARN_EMPTY_BODY = YES;
				CLANG_WARN_ENUM_CONVERSION = YES;
				CLANG_WARN_INFINITE_RECURSION = YES;
				CLANG_WARN_INT_CONVERSION = YES;
				CLANG_WARN_NON_LITERAL_NULL_CONVERSION = YES;
				CLANG_WARN_OBJC_IMPLICIT_RETAIN_SELF = YES;
				CLANG_WARN_OBJC_LITERAL_CONVERSION = YES;
				CLANG_WARN_OBJC_ROOT_CLASS = YES_ERROR;
				CLANG_WARN_QUOTED_INCLUDE_IN_FRAMEWORK_HEADER = YES;
				CLANG_WARN_RANGE_LOOP_ANALYSIS = YES;
				CLANG_WARN_STRICT_PROTOTYPES = YES;
				CLANG_WARN_SUSPICIOUS_MOVE = YES;
				CLANG_WARN_UNGUARDED_AVAILABILITY = YES_AGGRESSIVE;
				CLANG_WARN_UNREACHABLE_CODE = YES;
				CLANG_WARN__DUPLICATE_METHOD_MATCH = YES;
				COPY_PHASE_STRIP = NO;
				DEBUG_INFORMATION_FORMAT = "dwarf-with-dsym";
				ENABLE_NS_ASSERTIONS = NO;
				ENABLE_STRICT_OBJC_MSGSEND = YES;
				ENABLE_USER_SCRIPT_SANDBOXING = YES;
				GCC_C_LANGUAGE_STANDARD = gnu17;
				GCC_NO_COMMON_BLOCKS = YES;
				GCC_WARN_64_TO_32_BIT_CONVERSION = YES;
				GCC_WARN_ABOUT_RETURN_TYPE = YES_ERROR;
				GCC_WARN_UNDECLARED_SELECTOR = YES;
				GCC_WARN_UNINITIALIZED_AUTOS = YES_AGGRESSIVE;
				GCC_WARN_UNUSED_FUNCTION = YES;
				GCC_WARN_UNUSED_VARIABLE = YES;
				IPHONEOS_DEPLOYMENT_TARGET = 17.2;
				LOCALIZATION_PREFERS_STRING_CATALOGS = YES;
				MTL_ENABLE_DEBUG_INFO = NO;
				MTL_FAST_MATH = YES;
				SDKROOT = iphoneos;
				SWIFT_COMPILATION_MODE = wholemodule;
				VALIDATE_PRODUCT = YES;
			};
			name = Release;
		};
		AF20E0192B8ED1AA00D1CB71 /* Debug */ = {
			isa = XCBuildConfiguration;
			buildSettings = {
				ASSETCATALOG_COMPILER_APPICON_NAME = AppIcon;
				ASSETCATALOG_COMPILER_GLOBAL_ACCENT_COLOR_NAME = AccentColor;
				CODE_SIGN_STYLE = Automatic;
				CURRENT_PROJECT_VERSION = 1;
				DEVELOPMENT_TEAM = 2UYY48S9AB;
				GENERATE_INFOPLIST_FILE = YES;
				INFOPLIST_FILE = Day23ChallengeUIKit/Info.plist;
				INFOPLIST_KEY_UIApplicationSupportsIndirectInputEvents = YES;
				INFOPLIST_KEY_UILaunchStoryboardName = LaunchScreen;
				INFOPLIST_KEY_UIMainStoryboardFile = Main;
				INFOPLIST_KEY_UISupportedInterfaceOrientations_iPad = "UIInterfaceOrientationPortrait UIInterfaceOrientationPortraitUpsideDown UIInterfaceOrientationLandscapeLeft UIInterfaceOrientationLandscapeRight";
				INFOPLIST_KEY_UISupportedInterfaceOrientations_iPhone = "UIInterfaceOrientationPortrait UIInterfaceOrientationLandscapeLeft UIInterfaceOrientationLandscapeRight";
				LD_RUNPATH_SEARCH_PATHS = (
					"$(inherited)",
					"@executable_path/Frameworks",
				);
				MARKETING_VERSION = 1.0;
				PRODUCT_BUNDLE_IDENTIFIER = com.example.Day23ChallengeUIKit;
				PRODUCT_NAME = "$(TARGET_NAME)";
				SWIFT_EMIT_LOC_STRINGS = YES;
				SWIFT_VERSION = 5.0;
				TARGETED_DEVICE_FAMILY = "1,2";
			};
			name = Debug;
		};
		AF20E01A2B8ED1AA00D1CB71 /* Release */ = {
			isa = XCBuildConfiguration;
			buildSettings = {
				ASSETCATALOG_COMPILER_APPICON_NAME = AppIcon;
				ASSETCATALOG_COMPILER_GLOBAL_ACCENT_COLOR_NAME = AccentColor;
				CODE_SIGN_STYLE = Automatic;
				CURRENT_PROJECT_VERSION = 1;
				DEVELOPMENT_TEAM = 2UYY48S9AB;
				GENERATE_INFOPLIST_FILE = YES;
				INFOPLIST_FILE = Day23ChallengeUIKit/Info.plist;
				INFOPLIST_KEY_UIApplicationSupportsIndirectInputEvents = YES;
				INFOPLIST_KEY_UILaunchStoryboardName = LaunchScreen;
				INFOPLIST_KEY_UIMainStoryboardFile = Main;
				INFOPLIST_KEY_UISupportedInterfaceOrientations_iPad = "UIInterfaceOrientationPortrait UIInterfaceOrientationPortraitUpsideDown UIInterfaceOrientationLandscapeLeft UIInterfaceOrientationLandscapeRight";
				INFOPLIST_KEY_UISupportedInterfaceOrientations_iPhone = "UIInterfaceOrientationPortrait UIInterfaceOrientationLandscapeLeft UIInterfaceOrientationLandscapeRight";
				LD_RUNPATH_SEARCH_PATHS = (
					"$(inherited)",
					"@executable_path/Frameworks",
				);
				MARKETING_VERSION = 1.0;
				PRODUCT_BUNDLE_IDENTIFIER = com.example.Day23ChallengeUIKit;
				PRODUCT_NAME = "$(TARGET_NAME)";
				SWIFT_EMIT_LOC_STRINGS = YES;
				SWIFT_VERSION = 5.0;
				TARGETED_DEVICE_FAMILY = "1,2";
			};
			name = Release;
		};
/* End XCBuildConfiguration section */

/* Begin XCConfigurationList section */
		AF20DFFF2B8ED1A800D1CB71 /* Build configuration list for PBXProject "Day23ChallengeUIKit" */ = {
			isa = XCConfigurationList;
			buildConfigurations = (
				AF20E0162B8ED1AA00D1CB71 /* Debug */,
				AF20E0172B8ED1AA00D1CB71 /* Release */,
			);
			defaultConfigurationIsVisible = 0;
			defaultConfigurationName = Release;
		};
		AF20E0182B8ED1AA00D1CB71 /* Build configuration list for PBXNativeTarget "Day23ChallengeUIKit" */ = {
			isa = XCConfigurationList;
			buildConfigurations = (
				AF20E0192B8ED1AA00D1CB71 /* Debug */,
				AF20E01A2B8ED1AA00D1CB71 /* Release */,
			);
			defaultConfigurationIsVisible = 0;
			defaultConfigurationName = Release;
		};
/* End XCConfigurationList section */
	};
	rootObject = AF20DFFC2B8ED1A800D1CB71 /* Project object */;
}
